// !$*UTF8*$!
{
	archiveVersion = 1;
	classes = {
	};
	objectVersion = 50;
	objects = {

/* Begin PBXBuildFile section */
		DBAB28A1265C1AB400B58845 /* AppDelegate.swift in Sources */ = {isa = PBXBuildFile; fileRef = DBAB28A0265C1AB400B58845 /* AppDelegate.swift */; };
		DBAB28A3265C1AB400B58845 /* SceneDelegate.swift in Sources */ = {isa = PBXBuildFile; fileRef = DBAB28A2265C1AB400B58845 /* SceneDelegate.swift */; };
		DBAB28A5265C1AB400B58845 /* ViewController.swift in Sources */ = {isa = PBXBuildFile; fileRef = DBAB28A4265C1AB400B58845 /* ViewController.swift */; };
		DBAB28A8265C1AB400B58845 /* Main.storyboard in Resources */ = {isa = PBXBuildFile; fileRef = DBAB28A6265C1AB400B58845 /* Main.storyboard */; };
		DBAB28AA265C1AB700B58845 /* Assets.xcassets in Resources */ = {isa = PBXBuildFile; fileRef = DBAB28A9265C1AB700B58845 /* Assets.xcassets */; };
		DBAB28AD265C1AB700B58845 /* LaunchScreen.storyboard in Resources */ = {isa = PBXBuildFile; fileRef = DBAB28AB265C1AB700B58845 /* LaunchScreen.storyboard */; };
		DBAB28B8265C1AB700B58845 /* FileImport2Tests.swift in Sources */ = {isa = PBXBuildFile; fileRef = DBAB28B7265C1AB700B58845 /* FileImport2Tests.swift */; };
		DBAB28C3265C1AB700B58845 /* FileImport2UITests.swift in Sources */ = {isa = PBXBuildFile; fileRef = DBAB28C2265C1AB700B58845 /* FileImport2UITests.swift */; };
/* End PBXBuildFile section */

/* Begin PBXContainerItemProxy section */
		DBAB28B4265C1AB700B58845 /* PBXContainerItemProxy */ = {
			isa = PBXContainerItemProxy;
			containerPortal = DBAB2895265C1AB400B58845 /* Project object */;
			proxyType = 1;
			remoteGlobalIDString = DBAB289C265C1AB400B58845;
			remoteInfo = FileImport2;
		};
		DBAB28BF265C1AB700B58845 /* PBXContainerItemProxy */ = {
			isa = PBXContainerItemProxy;
			containerPortal = DBAB2895265C1AB400B58845 /* Project object */;
			proxyType = 1;
			remoteGlobalIDString = DBAB289C265C1AB400B58845;
			remoteInfo = FileImport2;
		};
/* End PBXContainerItemProxy section */

/* Begin PBXFileReference section */
		DBAB289D265C1AB400B58845 /* FileImport2.app */ = {isa = PBXFileReference; explicitFileType = wrapper.application; includeInIndex = 0; path = FileImport2.app; sourceTree = BUILT_PRODUCTS_DIR; };
		DBAB28A0265C1AB400B58845 /* AppDelegate.swift */ = {isa = PBXFileReference; lastKnownFileType = sourcecode.swift; path = AppDelegate.swift; sourceTree = "<group>"; };
		DBAB28A2265C1AB400B58845 /* SceneDelegate.swift */ = {isa = PBXFileReference; lastKnownFileType = sourcecode.swift; path = SceneDelegate.swift; sourceTree = "<group>"; };
		DBAB28A4265C1AB400B58845 /* ViewController.swift */ = {isa = PBXFileReference; lastKnownFileType = sourcecode.swift; path = ViewController.swift; sourceTree = "<group>"; };
		DBAB28A7265C1AB400B58845 /* Base */ = {isa = PBXFileReference; lastKnownFileType = file.storyboard; name = Base; path = Base.lproj/Main.storyboard; sourceTree = "<group>"; };
		DBAB28A9265C1AB700B58845 /* Assets.xcassets */ = {isa = PBXFileReference; lastKnownFileType = folder.assetcatalog; path = Assets.xcassets; sourceTree = "<group>"; };
		DBAB28AC265C1AB700B58845 /* Base */ = {isa = PBXFileReference; lastKnownFileType = file.storyboard; name = Base; path = Base.lproj/LaunchScreen.storyboard; sourceTree = "<group>"; };
		DBAB28AE265C1AB700B58845 /* Info.plist */ = {isa = PBXFileReference; lastKnownFileType = text.plist.xml; path = Info.plist; sourceTree = "<group>"; };
		DBAB28B3265C1AB700B58845 /* FileImport2Tests.xctest */ = {isa = PBXFileReference; explicitFileType = wrapper.cfbundle; includeInIndex = 0; path = FileImport2Tests.xctest; sourceTree = BUILT_PRODUCTS_DIR; };
		DBAB28B7265C1AB700B58845 /* FileImport2Tests.swift */ = {isa = PBXFileReference; lastKnownFileType = sourcecode.swift; path = FileImport2Tests.swift; sourceTree = "<group>"; };
		DBAB28B9265C1AB700B58845 /* Info.plist */ = {isa = PBXFileReference; lastKnownFileType = text.plist.xml; path = Info.plist; sourceTree = "<group>"; };
		DBAB28BE265C1AB700B58845 /* FileImport2UITests.xctest */ = {isa = PBXFileReference; explicitFileType = wrapper.cfbundle; includeInIndex = 0; path = FileImport2UITests.xctest; sourceTree = BUILT_PRODUCTS_DIR; };
		DBAB28C2265C1AB700B58845 /* FileImport2UITests.swift */ = {isa = PBXFileReference; lastKnownFileType = sourcecode.swift; path = FileImport2UITests.swift; sourceTree = "<group>"; };
		DBAB28C4265C1AB700B58845 /* Info.plist */ = {isa = PBXFileReference; lastKnownFileType = text.plist.xml; path = Info.plist; sourceTree = "<group>"; };
/* End PBXFileReference section */

/* Begin PBXFrameworksBuildPhase section */
		DBAB289A265C1AB400B58845 /* Frameworks */ = {
			isa = PBXFrameworksBuildPhase;
			buildActionMask = 2147483647;
			files = (
			);
			runOnlyForDeploymentPostprocessing = 0;
		};
		DBAB28B0265C1AB700B58845 /* Frameworks */ = {
			isa = PBXFrameworksBuildPhase;
			buildActionMask = 2147483647;
			files = (
			);
			runOnlyForDeploymentPostprocessing = 0;
		};
		DBAB28BB265C1AB700B58845 /* Frameworks */ = {
			isa = PBXFrameworksBuildPhase;
			buildActionMask = 2147483647;
			files = (
			);
			runOnlyForDeploymentPostprocessing = 0;
		};
/* End PBXFrameworksBuildPhase section */

/* Begin PBXGroup section */
		DBAB2894265C1AB400B58845 = {
			isa = PBXGroup;
			children = (
				DBAB289F265C1AB400B58845 /* FileImport2 */,
				DBAB28B6265C1AB700B58845 /* FileImport2Tests */,
				DBAB28C1265C1AB700B58845 /* FileImport2UITests */,
				DBAB289E265C1AB400B58845 /* Products */,
			);
			sourceTree = "<group>";
		};
		DBAB289E265C1AB400B58845 /* Products */ = {
			isa = PBXGroup;
			children = (
				DBAB289D265C1AB400B58845 /* FileImport2.app */,
				DBAB28B3265C1AB700B58845 /* FileImport2Tests.xctest */,
				DBAB28BE265C1AB700B58845 /* FileImport2UITests.xctest */,
			);
			name = Products;
			sourceTree = "<group>";
		};
		DBAB289F265C1AB400B58845 /* FileImport2 */ = {
			isa = PBXGroup;
			children = (
				DBAB28A0265C1AB400B58845 /* AppDelegate.swift */,
				DBAB28A2265C1AB400B58845 /* SceneDelegate.swift */,
				DBAB28A4265C1AB400B58845 /* ViewController.swift */,
				DBAB28A6265C1AB400B58845 /* Main.storyboard */,
				DBAB28A9265C1AB700B58845 /* Assets.xcassets */,
				DBAB28AB265C1AB700B58845 /* LaunchScreen.storyboard */,
				DBAB28AE265C1AB700B58845 /* Info.plist */,
			);
			path = FileImport2;
			sourceTree = "<group>";
		};
		DBAB28B6265C1AB700B58845 /* FileImport2Tests */ = {
			isa = PBXGroup;
			children = (
				DBAB28B7265C1AB700B58845 /* FileImport2Tests.swift */,
				DBAB28B9265C1AB700B58845 /* Info.plist */,
			);
			path = FileImport2Tests;
			sourceTree = "<group>";
		};
		DBAB28C1265C1AB700B58845 /* FileImport2UITests */ = {
			isa = PBXGroup;
			children = (
				DBAB28C2265C1AB700B58845 /* FileImport2UITests.swift */,
				DBAB28C4265C1AB700B58845 /* Info.plist */,
			);
			path = FileImport2UITests;
			sourceTree = "<group>";
		};
/* End PBXGroup section */

/* Begin PBXNativeTarget section */
		DBAB289C265C1AB400B58845 /* FileImport2 */ = {
			isa = PBXNativeTarget;
			buildConfigurationList = DBAB28C7265C1AB700B58845 /* Build configuration list for PBXNativeTarget "FileImport2" */;
			buildPhases = (
				DBAB2899265C1AB400B58845 /* Sources */,
				DBAB289A265C1AB400B58845 /* Frameworks */,
				DBAB289B265C1AB400B58845 /* Resources */,
			);
			buildRules = (
			);
			dependencies = (
			);
			name = FileImport2;
			productName = FileImport2;
			productReference = DBAB289D265C1AB400B58845 /* FileImport2.app */;
			productType = "com.apple.product-type.application";
		};
		DBAB28B2265C1AB700B58845 /* FileImport2Tests */ = {
			isa = PBXNativeTarget;
			buildConfigurationList = DBAB28CA265C1AB700B58845 /* Build configuration list for PBXNativeTarget "FileImport2Tests" */;
			buildPhases = (
				DBAB28AF265C1AB700B58845 /* Sources */,
				DBAB28B0265C1AB700B58845 /* Frameworks */,
				DBAB28B1265C1AB700B58845 /* Resources */,
			);
			buildRules = (
			);
			dependencies = (
				DBAB28B5265C1AB700B58845 /* PBXTargetDependency */,
			);
			name = FileImport2Tests;
			productName = FileImport2Tests;
			productReference = DBAB28B3265C1AB700B58845 /* FileImport2Tests.xctest */;
			productType = "com.apple.product-type.bundle.unit-test";
		};
		DBAB28BD265C1AB700B58845 /* FileImport2UITests */ = {
			isa = PBXNativeTarget;
			buildConfigurationList = DBAB28CD265C1AB700B58845 /* Build configuration list for PBXNativeTarget "FileImport2UITests" */;
			buildPhases = (
				DBAB28BA265C1AB700B58845 /* Sources */,
				DBAB28BB265C1AB700B58845 /* Frameworks */,
				DBAB28BC265C1AB700B58845 /* Resources */,
			);
			buildRules = (
			);
			dependencies = (
				DBAB28C0265C1AB700B58845 /* PBXTargetDependency */,
			);
			name = FileImport2UITests;
			productName = FileImport2UITests;
			productReference = DBAB28BE265C1AB700B58845 /* FileImport2UITests.xctest */;
			productType = "com.apple.product-type.bundle.ui-testing";
		};
/* End PBXNativeTarget section */

/* Begin PBXProject section */
		DBAB2895265C1AB400B58845 /* Project object */ = {
			isa = PBXProject;
			attributes = {
				LastSwiftUpdateCheck = 1240;
				LastUpgradeCheck = 1240;
				TargetAttributes = {
					DBAB289C265C1AB400B58845 = {
						CreatedOnToolsVersion = 12.4;
					};
					DBAB28B2265C1AB700B58845 = {
						CreatedOnToolsVersion = 12.4;
						TestTargetID = DBAB289C265C1AB400B58845;
					};
					DBAB28BD265C1AB700B58845 = {
						CreatedOnToolsVersion = 12.4;
						TestTargetID = DBAB289C265C1AB400B58845;
					};
				};
			};
			buildConfigurationList = DBAB2898265C1AB400B58845 /* Build configuration list for PBXProject "FileImport2" */;
			compatibilityVersion = "Xcode 9.3";
			developmentRegion = en;
			hasScannedForEncodings = 0;
			knownRegions = (
				en,
				Base,
			);
			mainGroup = DBAB2894265C1AB400B58845;
			productRefGroup = DBAB289E265C1AB400B58845 /* Products */;
			projectDirPath = "";
			projectRoot = "";
			targets = (
				DBAB289C265C1AB400B58845 /* FileImport2 */,
				DBAB28B2265C1AB700B58845 /* FileImport2Tests */,
				DBAB28BD265C1AB700B58845 /* FileImport2UITests */,
			);
		};
/* End PBXProject section */

/* Begin PBXResourcesBuildPhase section */
		DBAB289B265C1AB400B58845 /* Resources */ = {
			isa = PBXResourcesBuildPhase;
			buildActionMask = 2147483647;
			files = (
				DBAB28AD265C1AB700B58845 /* LaunchScreen.storyboard in Resources */,
				DBAB28AA265C1AB700B58845 /* Assets.xcassets in Resources */,
				DBAB28A8265C1AB400B58845 /* Main.storyboard in Resources */,
			);
			runOnlyForDeploymentPostprocessing = 0;
		};
		DBAB28B1265C1AB700B58845 /* Resources */ = {
			isa = PBXResourcesBuildPhase;
			buildActionMask = 2147483647;
			files = (
			);
			runOnlyForDeploymentPostprocessing = 0;
		};
		DBAB28BC265C1AB700B58845 /* Resources */ = {
			isa = PBXResourcesBuildPhase;
			buildActionMask = 2147483647;
			files = (
			);
			runOnlyForDeploymentPostprocessing = 0;
		};
/* End PBXResourcesBuildPhase section */

/* Begin PBXSourcesBuildPhase section */
		DBAB2899265C1AB400B58845 /* Sources */ = {
			isa = PBXSourcesBuildPhase;
			buildActionMask = 2147483647;
			files = (
				DBAB28A5265C1AB400B58845 /* ViewController.swift in Sources */,
				DBAB28A1265C1AB400B58845 /* AppDelegate.swift in Sources */,
				DBAB28A3265C1AB400B58845 /* SceneDelegate.swift in Sources */,
			);
			runOnlyForDeploymentPostprocessing = 0;
		};
		DBAB28AF265C1AB700B58845 /* Sources */ = {
			isa = PBXSourcesBuildPhase;
			buildActionMask = 2147483647;
			files = (
				DBAB28B8265C1AB700B58845 /* FileImport2Tests.swift in Sources */,
			);
			runOnlyForDeploymentPostprocessing = 0;
		};
		DBAB28BA265C1AB700B58845 /* Sources */ = {
			isa = PBXSourcesBuildPhase;
			buildActionMask = 2147483647;
			files = (
				DBAB28C3265C1AB700B58845 /* FileImport2UITests.swift in Sources */,
			);
			runOnlyForDeploymentPostprocessing = 0;
		};
/* End PBXSourcesBuildPhase section */

/* Begin PBXTargetDependency section */
		DBAB28B5265C1AB700B58845 /* PBXTargetDependency */ = {
			isa = PBXTargetDependency;
			target = DBAB289C265C1AB400B58845 /* FileImport2 */;
			targetProxy = DBAB28B4265C1AB700B58845 /* PBXContainerItemProxy */;
		};
		DBAB28C0265C1AB700B58845 /* PBXTargetDependency */ = {
			isa = PBXTargetDependency;
			target = DBAB289C265C1AB400B58845 /* FileImport2 */;
			targetProxy = DBAB28BF265C1AB700B58845 /* PBXContainerItemProxy */;
		};
/* End PBXTargetDependency section */

/* Begin PBXVariantGroup section */
		DBAB28A6265C1AB400B58845 /* Main.storyboard */ = {
			isa = PBXVariantGroup;
			children = (
				DBAB28A7265C1AB400B58845 /* Base */,
			);
			name = Main.storyboard;
			sourceTree = "<group>";
		};
		DBAB28AB265C1AB700B58845 /* LaunchScreen.storyboard */ = {
			isa = PBXVariantGroup;
			children = (
				DBAB28AC265C1AB700B58845 /* Base */,
			);
			name = LaunchScreen.storyboard;
			sourceTree = "<group>";
		};
/* End PBXVariantGroup section */

/* Begin XCBuildConfiguration section */
		DBAB28C5265C1AB700B58845 /* Debug */ = {
			isa = XCBuildConfiguration;
			buildSettings = {
				ALWAYS_SEARCH_USER_PATHS = NO;
				CLANG_ANALYZER_NONNULL = YES;
				CLANG_ANALYZER_NUMBER_OBJECT_CONVERSION = YES_AGGRESSIVE;
				CLANG_CXX_LANGUAGE_STANDARD = "gnu++14";
				CLANG_CXX_LIBRARY = "libc++";
				CLANG_ENABLE_MODULES = YES;
				CLANG_ENABLE_OBJC_ARC = YES;
				CLANG_ENABLE_OBJC_WEAK = YES;
				CLANG_WARN_BLOCK_CAPTURE_AUTORELEASING = YES;
				CLANG_WARN_BOOL_CONVERSION = YES;
				CLANG_WARN_COMMA = YES;
				CLANG_WARN_CONSTANT_CONVERSION = YES;
				CLANG_WARN_DEPRECATED_OBJC_IMPLEMENTATIONS = YES;
				CLANG_WARN_DIRECT_OBJC_ISA_USAGE = YES_ERROR;
				CLANG_WARN_DOCUMENTATION_COMMENTS = YES;
				CLANG_WARN_EMPTY_BODY = YES;
				CLANG_WARN_ENUM_CONVERSION = YES;
				CLANG_WARN_INFINITE_RECURSION = YES;
				CLANG_WARN_INT_CONVERSION = YES;
				CLANG_WARN_NON_LITERAL_NULL_CONVERSION = YES;
				CLANG_WARN_OBJC_IMPLICIT_RETAIN_SELF = YES;
				CLANG_WARN_OBJC_LITERAL_CONVERSION = YES;
				CLANG_WARN_OBJC_ROOT_CLASS = YES_ERROR;
				CLANG_WARN_QUOTED_INCLUDE_IN_FRAMEWORK_HEADER = YES;
				CLANG_WARN_RANGE_LOOP_ANALYSIS = YES;
				CLANG_WARN_STRICT_PROTOTYPES = YES;
				CLANG_WARN_SUSPICIOUS_MOVE = YES;
				CLANG_WARN_UNGUARDED_AVAILABILITY = YES_AGGRESSIVE;
				CLANG_WARN_UNREACHABLE_CODE = YES;
				CLANG_WARN__DUPLICATE_METHOD_MATCH = YES;
				COPY_PHASE_STRIP = NO;
				DEBUG_INFORMATION_FORMAT = dwarf;
				ENABLE_STRICT_OBJC_MSGSEND = YES;
				ENABLE_TESTABILITY = YES;
				GCC_C_LANGUAGE_STANDARD = gnu11;
				GCC_DYNAMIC_NO_PIC = NO;
				GCC_NO_COMMON_BLOCKS = YES;
				GCC_OPTIMIZATION_LEVEL = 0;
				GCC_PREPROCESSOR_DEFINITIONS = (
					"DEBUG=1",
					"$(inherited)",
				);
				GCC_WARN_64_TO_32_BIT_CONVERSION = YES;
				GCC_WARN_ABOUT_RETURN_TYPE = YES_ERROR;
				GCC_WARN_UNDECLARED_SELECTOR = YES;
				GCC_WARN_UNINITIALIZED_AUTOS = YES_AGGRESSIVE;
				GCC_WARN_UNUSED_FUNCTION = YES;
				GCC_WARN_UNUSED_VARIABLE = YES;
				IPHONEOS_DEPLOYMENT_TARGET = 14.4;
				MTL_ENABLE_DEBUG_INFO = INCLUDE_SOURCE;
				MTL_FAST_MATH = YES;
				ONLY_ACTIVE_ARCH = YES;
				SDKROOT = iphoneos;
				SWIFT_ACTIVE_COMPILATION_CONDITIONS = DEBUG;
				SWIFT_OPTIMIZATION_LEVEL = "-Onone";
			};
			name = Debug;
		};
		DBAB28C6265C1AB700B58845 /* Release */ = {
			isa = XCBuildConfiguration;
			buildSettings = {
				ALWAYS_SEARCH_USER_PATHS = NO;
				CLANG_ANALYZER_NONNULL = YES;
				CLANG_ANALYZER_NUMBER_OBJECT_CONVERSION = YES_AGGRESSIVE;
				CLANG_CXX_LANGUAGE_STANDARD = "gnu++14";
				CLANG_CXX_LIBRARY = "libc++";
				CLANG_ENABLE_MODULES = YES;
				CLANG_ENABLE_OBJC_ARC = YES;
				CLANG_ENABLE_OBJC_WEAK = YES;
				CLANG_WARN_BLOCK_CAPTURE_AUTORELEASING = YES;
				CLANG_WARN_BOOL_CONVERSION = YES;
				CLANG_WARN_COMMA = YES;
				CLANG_WARN_CONSTANT_CONVERSION = YES;
				CLANG_WARN_DEPRECATED_OBJC_IMPLEMENTATIONS = YES;
				CLANG_WARN_DIRECT_OBJC_ISA_USAGE = YES_ERROR;
				CLANG_WARN_DOCUMENTATION_COMMENTS = YES;
				CLANG_WARN_EMPTY_BODY = YES;
				CLANG_WARN_ENUM_CONVERSION = YES;
				CLANG_WARN_INFINITE_RECURSION = YES;
				CLANG_WARN_INT_CONVERSION = YES;
				CLANG_WARN_NON_LITERAL_NULL_CONVERSION = YES;
				CLANG_WARN_OBJC_IMPLICIT_RETAIN_SELF = YES;
				CLANG_WARN_OBJC_LITERAL_CONVERSION = YES;
				CLANG_WARN_OBJC_ROOT_CLASS = YES_ERROR;
				CLANG_WARN_QUOTED_INCLUDE_IN_FRAMEWORK_HEADER = YES;
				CLANG_WARN_RANGE_LOOP_ANALYSIS = YES;
				CLANG_WARN_STRICT_PROTOTYPES = YES;
				CLANG_WARN_SUSPICIOUS_MOVE = YES;
				CLANG_WARN_UNGUARDED_AVAILABILITY = YES_AGGRESSIVE;
				CLANG_WARN_UNREACHABLE_CODE = YES;
				CLANG_WARN__DUPLICATE_METHOD_MATCH = YES;
				COPY_PHASE_STRIP = NO;
				DEBUG_INFORMATION_FORMAT = "dwarf-with-dsym";
				ENABLE_NS_ASSERTIONS = NO;
				ENABLE_STRICT_OBJC_MSGSEND = YES;
				GCC_C_LANGUAGE_STANDARD = gnu11;
				GCC_NO_COMMON_BLOCKS = YES;
				GCC_WARN_64_TO_32_BIT_CONVERSION = YES;
				GCC_WARN_ABOUT_RETURN_TYPE = YES_ERROR;
				GCC_WARN_UNDECLARED_SELECTOR = YES;
				GCC_WARN_UNINITIALIZED_AUTOS = YES_AGGRESSIVE;
				GCC_WARN_UNUSED_FUNCTION = YES;
				GCC_WARN_UNUSED_VARIABLE = YES;
				IPHONEOS_DEPLOYMENT_TARGET = 14.4;
				MTL_ENABLE_DEBUG_INFO = NO;
				MTL_FAST_MATH = YES;
				SDKROOT = iphoneos;
				SWIFT_COMPILATION_MODE = wholemodule;
				SWIFT_OPTIMIZATION_LEVEL = "-O";
				VALIDATE_PRODUCT = YES;
			};
			name = Release;
		};
		DBAB28C8265C1AB700B58845 /* Debug */ = {
			isa = XCBuildConfiguration;
			buildSettings = {
				ASSETCATALOG_COMPILER_APPICON_NAME = AppIcon;
				ASSETCATALOG_COMPILER_GLOBAL_ACCENT_COLOR_NAME = AccentColor;
				CODE_SIGN_STYLE = Automatic;
				DEVELOPMENT_TEAM = 2M6MREMEHZ;
				INFOPLIST_FILE = FileImport2/Info.plist;
				LD_RUNPATH_SEARCH_PATHS = (
					"$(inherited)",
					"@executable_path/Frameworks",
				);
				PRODUCT_BUNDLE_IDENTIFIER = com.evelyne.random.FileImport2;
				PRODUCT_NAME = "$(TARGET_NAME)";
				SWIFT_VERSION = 5.0;
				TARGETED_DEVICE_FAMILY = "1,2";
			};
			name = Debug;
		};
		DBAB28C9265C1AB700B58845 /* Release */ = {
			isa = XCBuildConfiguration;
			buildSettings = {
				ASSETCATALOG_COMPILER_APPICON_NAME = AppIcon;
				ASSETCATALOG_COMPILER_GLOBAL_ACCENT_COLOR_NAME = AccentColor;
				CODE_SIGN_STYLE = Automatic;
				DEVELOPMENT_TEAM = 2M6MREMEHZ;
				INFOPLIST_FILE = FileImport2/Info.plist;
				LD_RUNPATH_SEARCH_PATHS = (
					"$(inherited)",
					"@executable_path/Frameworks",
				);
				PRODUCT_BUNDLE_IDENTIFIER = com.evelyne.random.FileImport2;
				PRODUCT_NAME = "$(TARGET_NAME)";
				SWIFT_VERSION = 5.0;
				TARGETED_DEVICE_FAMILY = "1,2";
			};
			name = Release;
		};
		DBAB28CB265C1AB700B58845 /* Debug */ = {
			isa = XCBuildConfiguration;
			buildSettings = {
				ALWAYS_EMBED_SWIFT_STANDARD_LIBRARIES = YES;
				BUNDLE_LOADER = "$(TEST_HOST)";
				CODE_SIGN_STYLE = Automatic;
				DEVELOPMENT_TEAM = 2M6MREMEHZ;
				INFOPLIST_FILE = FileImport2Tests/Info.plist;
				IPHONEOS_DEPLOYMENT_TARGET = 14.4;
				LD_RUNPATH_SEARCH_PATHS = (
					"$(inherited)",
					"@executable_path/Frameworks",
					"@loader_path/Frameworks",
				);
				PRODUCT_BUNDLE_IDENTIFIER = com.evelyne.random.FileImport2Tests;
				PRODUCT_NAME = "$(TARGET_NAME)";
				SWIFT_VERSION = 5.0;
				TARGETED_DEVICE_FAMILY = "1,2";
				TEST_HOST = "$(BUILT_PRODUCTS_DIR)/FileImport2.app/FileImport2";
			};
			name = Debug;
		};
		DBAB28CC265C1AB700B58845 /* Release */ = {
			isa = XCBuildConfiguration;
			buildSettings = {
				ALWAYS_EMBED_SWIFT_STANDARD_LIBRARIES = YES;
				BUNDLE_LOADER = "$(TEST_HOST)";
				CODE_SIGN_STYLE = Automatic;
				DEVELOPMENT_TEAM = 2M6MREMEHZ;
				INFOPLIST_FILE = FileImport2Tests/Info.plist;
				IPHONEOS_DEPLOYMENT_TARGET = 14.4;
				LD_RUNPATH_SEARCH_PATHS = (
					"$(inherited)",
					"@executable_path/Frameworks",
					"@loader_path/Frameworks",
				);
				PRODUCT_BUNDLE_IDENTIFIER = com.evelyne.random.FileImport2Tests;
				PRODUCT_NAME = "$(TARGET_NAME)";
				SWIFT_VERSION = 5.0;
				TARGETED_DEVICE_FAMILY = "1,2";
				TEST_HOST = "$(BUILT_PRODUCTS_DIR)/FileImport2.app/FileImport2";
			};
			name = Release;
		};
		DBAB28CE265C1AB700B58845 /* Debug */ = {
			isa = XCBuildConfiguration;
			buildSettings = {
				ALWAYS_EMBED_SWIFT_STANDARD_LIBRARIES = YES;
				CODE_SIGN_STYLE = Automatic;
				DEVELOPMENT_TEAM = 2M6MREMEHZ;
				INFOPLIST_FILE = FileImport2UITests/Info.plist;
				LD_RUNPATH_SEARCH_PATHS = (
					"$(inherited)",
					"@executable_path/Frameworks",
					"@loader_path/Frameworks",
				);
				PRODUCT_BUNDLE_IDENTIFIER = com.evelyne.random.FileImport2UITests;
				PRODUCT_NAME = "$(TARGET_NAME)";
				SWIFT_VERSION = 5.0;
				TARGETED_DEVICE_FAMILY = "1,2";
				TEST_TARGET_NAME = FileImport2;
			};
			name = Debug;
		};
		DBAB28CF265C1AB700B58845 /* Release */ = {
			isa = XCBuildConfiguration;
			buildSettings = {
				ALWAYS_EMBED_SWIFT_STANDARD_LIBRARIES = YES;
				CODE_SIGN_STYLE = Automatic;
				DEVELOPMENT_TEAM = 2M6MREMEHZ;
				INFOPLIST_FILE = FileImport2UITests/Info.plist;
				LD_RUNPATH_SEARCH_PATHS = (
					"$(inherited)",
					"@executable_path/Frameworks",
					"@loader_path/Frameworks",
				);
				PRODUCT_BUNDLE_IDENTIFIER = com.evelyne.random.FileImport2UITests;
				PRODUCT_NAME = "$(TARGET_NAME)";
				SWIFT_VERSION = 5.0;
				TARGETED_DEVICE_FAMILY = "1,2";
				TEST_TARGET_NAME = FileImport2;
			};
			name = Release;
		};
/* End XCBuildConfiguration section */

/* Begin XCConfigurationList section */
		DBAB2898265C1AB400B58845 /* Build configuration list for PBXProject "FileImport2" */ = {
			isa = XCConfigurationList;
			buildConfigurations = (
				DBAB28C5265C1AB700B58845 /* Debug */,
				DBAB28C6265C1AB700B58845 /* Release */,
			);
			defaultConfigurationIsVisible = 0;
			defaultConfigurationName = Release;
		};
		DBAB28C7265C1AB700B58845 /* Build configuration list for PBXNativeTarget "FileImport2" */ = {
			isa = XCConfigurationList;
			buildConfigurations = (
				DBAB28C8265C1AB700B58845 /* Debug */,
				DBAB28C9265C1AB700B58845 /* Release */,
			);
			defaultConfigurationIsVisible = 0;
			defaultConfigurationName = Release;
		};
		DBAB28CA265C1AB700B58845 /* Build configuration list for PBXNativeTarget "FileImport2Tests" */ = {
			isa = XCConfigurationList;
			buildConfigurations = (
				DBAB28CB265C1AB700B58845 /* Debug */,
				DBAB28CC265C1AB700B58845 /* Release */,
			);
			defaultConfigurationIsVisible = 0;
			defaultConfigurationName = Release;
		};
		DBAB28CD265C1AB700B58845 /* Build configuration list for PBXNativeTarget "FileImport2UITests" */ = {
			isa = XCConfigurationList;
			buildConfigurations = (
				DBAB28CE265C1AB700B58845 /* Debug */,
				DBAB28CF265C1AB700B58845 /* Release */,
			);
			defaultConfigurationIsVisible = 0;
			defaultConfigurationName = Release;
		};
/* End XCConfigurationList section */
	};
	rootObject = DBAB2895265C1AB400B58845 /* Project object */;
}
