// !$*UTF8*$!
{
	archiveVersion = 1;
	classes = {
	};
	objectVersion = 50;
	objects = {

/* Begin PBXBuildFile section */
		DB93D80F265D6CFC00953727 /* FileExportDescriptionLabel.swift in Sources */ = {isa = PBXBuildFile; fileRef = DB93D80E265D6CFB00953727 /* FileExportDescriptionLabel.swift */; };
		DB9A22B8265C47D7003D694E /* FileExportViewController.swift in Sources */ = {isa = PBXBuildFile; fileRef = DB9A22B7265C47D7003D694E /* FileExportViewController.swift */; };
		DB9A22BD265C4F85003D694E /* FileExportCell.swift in Sources */ = {isa = PBXBuildFile; fileRef = DB9A22BC265C4F85003D694E /* FileExportCell.swift */; };
		DBAB28A1265C1AB400B58845 /* AppDelegate.swift in Sources */ = {isa = PBXBuildFile; fileRef = DBAB28A0265C1AB400B58845 /* AppDelegate.swift */; };
		DBAB28A3265C1AB400B58845 /* SceneDelegate.swift in Sources */ = {isa = PBXBuildFile; fileRef = DBAB28A2265C1AB400B58845 /* SceneDelegate.swift */; };
		DBAB28A5265C1AB400B58845 /* FileImportViewController.swift in Sources */ = {isa = PBXBuildFile; fileRef = DBAB28A4265C1AB400B58845 /* FileImportViewController.swift */; };
		DBAB28AA265C1AB700B58845 /* Assets.xcassets in Resources */ = {isa = PBXBuildFile; fileRef = DBAB28A9265C1AB700B58845 /* Assets.xcassets */; };
		DBAB28AD265C1AB700B58845 /* LaunchScreen.storyboard in Resources */ = {isa = PBXBuildFile; fileRef = DBAB28AB265C1AB700B58845 /* LaunchScreen.storyboard */; };
		DBAB28B8265C1AB700B58845 /* FileImport2Tests.swift in Sources */ = {isa = PBXBuildFile; fileRef = DBAB28B7265C1AB700B58845 /* FileImport2Tests.swift */; };
		DBAB28C3265C1AB700B58845 /* FileImport2UITests.swift in Sources */ = {isa = PBXBuildFile; fileRef = DBAB28C2265C1AB700B58845 /* FileImport2UITests.swift */; };
		DBAB28D4265C1B9100B58845 /* SwiftExtensions.swift in Sources */ = {isa = PBXBuildFile; fileRef = DBAB28D3265C1B9100B58845 /* SwiftExtensions.swift */; };
		DBAB28E6265C290100B58845 /* FileCell.swift in Sources */ = {isa = PBXBuildFile; fileRef = DBAB28E5265C290100B58845 /* FileCell.swift */; };
		DBAB28EE265C29EF00B58845 /* FileManagerExtension.swift in Sources */ = {isa = PBXBuildFile; fileRef = DBAB28ED265C29EF00B58845 /* FileManagerExtension.swift */; };
		DBAB28F3265C2A1400B58845 /* Constants.swift in Sources */ = {isa = PBXBuildFile; fileRef = DBAB28F2265C2A1300B58845 /* Constants.swift */; };
		DBAB28F8265C2A3200B58845 /* AsyncOperation.swift in Sources */ = {isa = PBXBuildFile; fileRef = DBAB28F7265C2A3200B58845 /* AsyncOperation.swift */; };
		DBAB2906265C2A4100B58845 /* FileConvertOperation.swift in Sources */ = {isa = PBXBuildFile; fileRef = DBAB2900265C2A4100B58845 /* FileConvertOperation.swift */; };
		DBAB2907265C2A4100B58845 /* FileConvertManager.swift in Sources */ = {isa = PBXBuildFile; fileRef = DBAB2901265C2A4100B58845 /* FileConvertManager.swift */; };
		DBAB2908265C2A4100B58845 /* FileConverter.swift in Sources */ = {isa = PBXBuildFile; fileRef = DBAB2902265C2A4100B58845 /* FileConverter.swift */; };
		DBAB2912265C2B5000B58845 /* FileImportViewModel.swift in Sources */ = {isa = PBXBuildFile; fileRef = DBAB290F265C2B5000B58845 /* FileImportViewModel.swift */; };
		DBAB2913265C2B5000B58845 /* FileViewModel.swift in Sources */ = {isa = PBXBuildFile; fileRef = DBAB2910265C2B5000B58845 /* FileViewModel.swift */; };
		DBAB2914265C2B5000B58845 /* FileExportViewModel.swift in Sources */ = {isa = PBXBuildFile; fileRef = DBAB2911265C2B5000B58845 /* FileExportViewModel.swift */; };
/* End PBXBuildFile section */

/* Begin PBXContainerItemProxy section */
		DBAB28B4265C1AB700B58845 /* PBXContainerItemProxy */ = {
			isa = PBXContainerItemProxy;
			containerPortal = DBAB2895265C1AB400B58845 /* Project object */;
			proxyType = 1;
			remoteGlobalIDString = DBAB289C265C1AB400B58845;
			remoteInfo = FileImport2;
		};
		DBAB28BF265C1AB700B58845 /* PBXContainerItemProxy */ = {
			isa = PBXContainerItemProxy;
			containerPortal = DBAB2895265C1AB400B58845 /* Project object */;
			proxyType = 1;
			remoteGlobalIDString = DBAB289C265C1AB400B58845;
			remoteInfo = FileImport2;
		};
/* End PBXContainerItemProxy section */

/* Begin PBXFileReference section */
		DB93D80E265D6CFB00953727 /* FileExportDescriptionLabel.swift */ = {isa = PBXFileReference; lastKnownFileType = sourcecode.swift; path = FileExportDescriptionLabel.swift; sourceTree = "<group>"; };
		DB9A22B7265C47D7003D694E /* FileExportViewController.swift */ = {isa = PBXFileReference; lastKnownFileType = sourcecode.swift; path = FileExportViewController.swift; sourceTree = "<group>"; };
		DB9A22BC265C4F85003D694E /* FileExportCell.swift */ = {isa = PBXFileReference; lastKnownFileType = sourcecode.swift; path = FileExportCell.swift; sourceTree = "<group>"; };
		DBAB289D265C1AB400B58845 /* FileImport2.app */ = {isa = PBXFileReference; explicitFileType = wrapper.application; includeInIndex = 0; path = FileImport2.app; sourceTree = BUILT_PRODUCTS_DIR; };
		DBAB28A0265C1AB400B58845 /* AppDelegate.swift */ = {isa = PBXFileReference; lastKnownFileType = sourcecode.swift; path = AppDelegate.swift; sourceTree = "<group>"; };
		DBAB28A2265C1AB400B58845 /* SceneDelegate.swift */ = {isa = PBXFileReference; lastKnownFileType = sourcecode.swift; path = SceneDelegate.swift; sourceTree = "<group>"; };
		DBAB28A4265C1AB400B58845 /* FileImportViewController.swift */ = {isa = PBXFileReference; lastKnownFileType = sourcecode.swift; path = FileImportViewController.swift; sourceTree = "<group>"; };
		DBAB28A9265C1AB700B58845 /* Assets.xcassets */ = {isa = PBXFileReference; lastKnownFileType = folder.assetcatalog; path = Assets.xcassets; sourceTree = "<group>"; };
		DBAB28AC265C1AB700B58845 /* Base */ = {isa = PBXFileReference; lastKnownFileType = file.storyboard; name = Base; path = Base.lproj/LaunchScreen.storyboard; sourceTree = "<group>"; };
		DBAB28AE265C1AB700B58845 /* Info.plist */ = {isa = PBXFileReference; lastKnownFileType = text.plist.xml; path = Info.plist; sourceTree = "<group>"; };
		DBAB28B3265C1AB700B58845 /* FileImport2Tests.xctest */ = {isa = PBXFileReference; explicitFileType = wrapper.cfbundle; includeInIndex = 0; path = FileImport2Tests.xctest; sourceTree = BUILT_PRODUCTS_DIR; };
		DBAB28B7265C1AB700B58845 /* FileImport2Tests.swift */ = {isa = PBXFileReference; lastKnownFileType = sourcecode.swift; path = FileImport2Tests.swift; sourceTree = "<group>"; };
		DBAB28B9265C1AB700B58845 /* Info.plist */ = {isa = PBXFileReference; lastKnownFileType = text.plist.xml; path = Info.plist; sourceTree = "<group>"; };
		DBAB28BE265C1AB700B58845 /* FileImport2UITests.xctest */ = {isa = PBXFileReference; explicitFileType = wrapper.cfbundle; includeInIndex = 0; path = FileImport2UITests.xctest; sourceTree = BUILT_PRODUCTS_DIR; };
		DBAB28C2265C1AB700B58845 /* FileImport2UITests.swift */ = {isa = PBXFileReference; lastKnownFileType = sourcecode.swift; path = FileImport2UITests.swift; sourceTree = "<group>"; };
		DBAB28C4265C1AB700B58845 /* Info.plist */ = {isa = PBXFileReference; lastKnownFileType = text.plist.xml; path = Info.plist; sourceTree = "<group>"; };
		DBAB28D3265C1B9100B58845 /* SwiftExtensions.swift */ = {isa = PBXFileReference; lastKnownFileType = sourcecode.swift; path = SwiftExtensions.swift; sourceTree = "<group>"; };
		DBAB28E5265C290100B58845 /* FileCell.swift */ = {isa = PBXFileReference; lastKnownFileType = sourcecode.swift; path = FileCell.swift; sourceTree = "<group>"; };
		DBAB28ED265C29EF00B58845 /* FileManagerExtension.swift */ = {isa = PBXFileReference; fileEncoding = 4; lastKnownFileType = sourcecode.swift; path = FileManagerExtension.swift; sourceTree = "<group>"; };
		DBAB28F2265C2A1300B58845 /* Constants.swift */ = {isa = PBXFileReference; fileEncoding = 4; lastKnownFileType = sourcecode.swift; path = Constants.swift; sourceTree = "<group>"; };
		DBAB28F7265C2A3200B58845 /* AsyncOperation.swift */ = {isa = PBXFileReference; fileEncoding = 4; lastKnownFileType = sourcecode.swift; path = AsyncOperation.swift; sourceTree = "<group>"; };
		DBAB2900265C2A4100B58845 /* FileConvertOperation.swift */ = {isa = PBXFileReference; fileEncoding = 4; lastKnownFileType = sourcecode.swift; path = FileConvertOperation.swift; sourceTree = "<group>"; };
		DBAB2901265C2A4100B58845 /* FileConvertManager.swift */ = {isa = PBXFileReference; fileEncoding = 4; lastKnownFileType = sourcecode.swift; path = FileConvertManager.swift; sourceTree = "<group>"; };
		DBAB2902265C2A4100B58845 /* FileConverter.swift */ = {isa = PBXFileReference; fileEncoding = 4; lastKnownFileType = sourcecode.swift; path = FileConverter.swift; sourceTree = "<group>"; };
		DBAB290F265C2B5000B58845 /* FileImportViewModel.swift */ = {isa = PBXFileReference; fileEncoding = 4; lastKnownFileType = sourcecode.swift; path = FileImportViewModel.swift; sourceTree = "<group>"; };
		DBAB2910265C2B5000B58845 /* FileViewModel.swift */ = {isa = PBXFileReference; fileEncoding = 4; lastKnownFileType = sourcecode.swift; path = FileViewModel.swift; sourceTree = "<group>"; };
		DBAB2911265C2B5000B58845 /* FileExportViewModel.swift */ = {isa = PBXFileReference; fileEncoding = 4; lastKnownFileType = sourcecode.swift; path = FileExportViewModel.swift; sourceTree = "<group>"; };
/* End PBXFileReference section */

/* Begin PBXFrameworksBuildPhase section */
		DBAB289A265C1AB400B58845 /* Frameworks */ = {
			isa = PBXFrameworksBuildPhase;
			buildActionMask = 2147483647;
			files = (
			);
			runOnlyForDeploymentPostprocessing = 0;
		};
		DBAB28B0265C1AB700B58845 /* Frameworks */ = {
			isa = PBXFrameworksBuildPhase;
			buildActionMask = 2147483647;
			files = (
			);
			runOnlyForDeploymentPostprocessing = 0;
		};
		DBAB28BB265C1AB700B58845 /* Frameworks */ = {
			isa = PBXFrameworksBuildPhase;
			buildActionMask = 2147483647;
			files = (
			);
			runOnlyForDeploymentPostprocessing = 0;
		};
/* End PBXFrameworksBuildPhase section */

/* Begin PBXGroup section */
		DBAB2894265C1AB400B58845 = {
			isa = PBXGroup;
			children = (
				DBAB289F265C1AB400B58845 /* FileImport2 */,
				DBAB28B6265C1AB700B58845 /* FileImport2Tests */,
				DBAB28C1265C1AB700B58845 /* FileImport2UITests */,
				DBAB289E265C1AB400B58845 /* Products */,
			);
			sourceTree = "<group>";
		};
		DBAB289E265C1AB400B58845 /* Products */ = {
			isa = PBXGroup;
			children = (
				DBAB289D265C1AB400B58845 /* FileImport2.app */,
				DBAB28B3265C1AB700B58845 /* FileImport2Tests.xctest */,
				DBAB28BE265C1AB700B58845 /* FileImport2UITests.xctest */,
			);
			name = Products;
			sourceTree = "<group>";
		};
		DBAB289F265C1AB400B58845 /* FileImport2 */ = {
			isa = PBXGroup;
			children = (
				DBAB291C265C2C3F00B58845 /* Components */,
				DBAB2918265C2B5800B58845 /* ViewModels */,
				DBAB28A0265C1AB400B58845 /* AppDelegate.swift */,
				DBAB28A2265C1AB400B58845 /* SceneDelegate.swift */,
				DBAB28A9265C1AB700B58845 /* Assets.xcassets */,
				DBAB28AB265C1AB700B58845 /* LaunchScreen.storyboard */,
				DBAB28AE265C1AB700B58845 /* Info.plist */,
				DBAB28FF265C2A4100B58845 /* FileConvert */,
				DBAB28D8265C1BBE00B58845 /* Utils */,
			);
			path = FileImport2;
			sourceTree = "<group>";
		};
		DBAB28B6265C1AB700B58845 /* FileImport2Tests */ = {
			isa = PBXGroup;
			children = (
				DBAB28B7265C1AB700B58845 /* FileImport2Tests.swift */,
				DBAB28B9265C1AB700B58845 /* Info.plist */,
			);
			path = FileImport2Tests;
			sourceTree = "<group>";
		};
		DBAB28C1265C1AB700B58845 /* FileImport2UITests */ = {
			isa = PBXGroup;
			children = (
				DBAB28C2265C1AB700B58845 /* FileImport2UITests.swift */,
				DBAB28C4265C1AB700B58845 /* Info.plist */,
			);
			path = FileImport2UITests;
			sourceTree = "<group>";
		};
		DBAB28D8265C1BBE00B58845 /* Utils */ = {
			isa = PBXGroup;
			children = (
				DBAB28F7265C2A3200B58845 /* AsyncOperation.swift */,
				DBAB28F2265C2A1300B58845 /* Constants.swift */,
				DBAB28ED265C29EF00B58845 /* FileManagerExtension.swift */,
				DBAB28D3265C1B9100B58845 /* SwiftExtensions.swift */,
			);
			path = Utils;
			sourceTree = "<group>";
		};
		DBAB28FF265C2A4100B58845 /* FileConvert */ = {
			isa = PBXGroup;
			children = (
				DBAB2900265C2A4100B58845 /* FileConvertOperation.swift */,
				DBAB2901265C2A4100B58845 /* FileConvertManager.swift */,
				DBAB2902265C2A4100B58845 /* FileConverter.swift */,
			);
			path = FileConvert;
			sourceTree = "<group>";
		};
		DBAB2918265C2B5800B58845 /* ViewModels */ = {
			isa = PBXGroup;
			children = (
				DBAB2911265C2B5000B58845 /* FileExportViewModel.swift */,
				DBAB290F265C2B5000B58845 /* FileImportViewModel.swift */,
				DBAB2910265C2B5000B58845 /* FileViewModel.swift */,
			);
			path = ViewModels;
			sourceTree = "<group>";
		};
		DBAB291C265C2C3F00B58845 /* Components */ = {
			isa = PBXGroup;
			children = (
				DBAB28E5265C290100B58845 /* FileCell.swift */,
				DBAB28A4265C1AB400B58845 /* FileImportViewController.swift */,
				DB9A22B7265C47D7003D694E /* FileExportViewController.swift */,
				DB9A22BC265C4F85003D694E /* FileExportCell.swift */,
				DB93D80E265D6CFB00953727 /* FileExportDescriptionLabel.swift */,
			);
			path = Components;
			sourceTree = "<group>";
		};
/* End PBXGroup section */

/* Begin PBXNativeTarget section */
		DBAB289C265C1AB400B58845 /* FileImport2 */ = {
			isa = PBXNativeTarget;
			buildConfigurationList = DBAB28C7265C1AB700B58845 /* Build configuration list for PBXNativeTarget "FileImport2" */;
			buildPhases = (
				DBAB2899265C1AB400B58845 /* Sources */,
				DBAB289A265C1AB400B58845 /* Frameworks */,
				DBAB289B265C1AB400B58845 /* Resources */,
			);
			buildRules = (
			);
			dependencies = (
			);
			name = FileImport2;
			productName = FileImport2;
			productReference = DBAB289D265C1AB400B58845 /* FileImport2.app */;
			productType = "com.apple.product-type.application";
		};
		DBAB28B2265C1AB700B58845 /* FileImport2Tests */ = {
			isa = PBXNativeTarget;
			buildConfigurationList = DBAB28CA265C1AB700B58845 /* Build configuration list for PBXNativeTarget "FileImport2Tests" */;
			buildPhases = (
				DBAB28AF265C1AB700B58845 /* Sources */,
				DBAB28B0265C1AB700B58845 /* Frameworks */,
				DBAB28B1265C1AB700B58845 /* Resources */,
			);
			buildRules = (
			);
			dependencies = (
				DBAB28B5265C1AB700B58845 /* PBXTargetDependency */,
			);
			name = FileImport2Tests;
			productName = FileImport2Tests;
			productReference = DBAB28B3265C1AB700B58845 /* FileImport2Tests.xctest */;
			productType = "com.apple.product-type.bundle.unit-test";
		};
		DBAB28BD265C1AB700B58845 /* FileImport2UITests */ = {
			isa = PBXNativeTarget;
			buildConfigurationList = DBAB28CD265C1AB700B58845 /* Build configuration list for PBXNativeTarget "FileImport2UITests" */;
			buildPhases = (
				DBAB28BA265C1AB700B58845 /* Sources */,
				DBAB28BB265C1AB700B58845 /* Frameworks */,
				DBAB28BC265C1AB700B58845 /* Resources */,
			);
			buildRules = (
			);
			dependencies = (
				DBAB28C0265C1AB700B58845 /* PBXTargetDependency */,
			);
			name = FileImport2UITests;
			productName = FileImport2UITests;
			productReference = DBAB28BE265C1AB700B58845 /* FileImport2UITests.xctest */;
			productType = "com.apple.product-type.bundle.ui-testing";
		};
/* End PBXNativeTarget section */

/* Begin PBXProject section */
		DBAB2895265C1AB400B58845 /* Project object */ = {
			isa = PBXProject;
			attributes = {
				LastSwiftUpdateCheck = 1240;
				LastUpgradeCheck = 1240;
				TargetAttributes = {
					DBAB289C265C1AB400B58845 = {
						CreatedOnToolsVersion = 12.4;
					};
					DBAB28B2265C1AB700B58845 = {
						CreatedOnToolsVersion = 12.4;
						TestTargetID = DBAB289C265C1AB400B58845;
					};
					DBAB28BD265C1AB700B58845 = {
						CreatedOnToolsVersion = 12.4;
						TestTargetID = DBAB289C265C1AB400B58845;
					};
				};
			};
			buildConfigurationList = DBAB2898265C1AB400B58845 /* Build configuration list for PBXProject "FileImport2" */;
			compatibilityVersion = "Xcode 9.3";
			developmentRegion = en;
			hasScannedForEncodings = 0;
			knownRegions = (
				en,
				Base,
			);
			mainGroup = DBAB2894265C1AB400B58845;
			productRefGroup = DBAB289E265C1AB400B58845 /* Products */;
			projectDirPath = "";
			projectRoot = "";
			targets = (
				DBAB289C265C1AB400B58845 /* FileImport2 */,
				DBAB28B2265C1AB700B58845 /* FileImport2Tests */,
				DBAB28BD265C1AB700B58845 /* FileImport2UITests */,
			);
		};
/* End PBXProject section */

/* Begin PBXResourcesBuildPhase section */
		DBAB289B265C1AB400B58845 /* Resources */ = {
			isa = PBXResourcesBuildPhase;
			buildActionMask = 2147483647;
			files = (
				DBAB28AD265C1AB700B58845 /* LaunchScreen.storyboard in Resources */,
				DBAB28AA265C1AB700B58845 /* Assets.xcassets in Resources */,
			);
			runOnlyForDeploymentPostprocessing = 0;
		};
		DBAB28B1265C1AB700B58845 /* Resources */ = {
			isa = PBXResourcesBuildPhase;
			buildActionMask = 2147483647;
			files = (
			);
			runOnlyForDeploymentPostprocessing = 0;
		};
		DBAB28BC265C1AB700B58845 /* Resources */ = {
			isa = PBXResourcesBuildPhase;
			buildActionMask = 2147483647;
			files = (
			);
			runOnlyForDeploymentPostprocessing = 0;
		};
/* End PBXResourcesBuildPhase section */

/* Begin PBXSourcesBuildPhase section */
		DBAB2899265C1AB400B58845 /* Sources */ = {
			isa = PBXSourcesBuildPhase;
			buildActionMask = 2147483647;
			files = (
				DBAB28A5265C1AB400B58845 /* FileImportViewController.swift in Sources */,
				DB9A22BD265C4F85003D694E /* FileExportCell.swift in Sources */,
				DBAB2907265C2A4100B58845 /* FileConvertManager.swift in Sources */,
				DBAB2914265C2B5000B58845 /* FileExportViewModel.swift in Sources */,
				DBAB2913265C2B5000B58845 /* FileViewModel.swift in Sources */,
				DBAB28EE265C29EF00B58845 /* FileManagerExtension.swift in Sources */,
				DBAB28D4265C1B9100B58845 /* SwiftExtensions.swift in Sources */,
				DB93D80F265D6CFC00953727 /* FileExportDescriptionLabel.swift in Sources */,
				DBAB28A1265C1AB400B58845 /* AppDelegate.swift in Sources */,
				DBAB2908265C2A4100B58845 /* FileConverter.swift in Sources */,
				DBAB28F3265C2A1400B58845 /* Constants.swift in Sources */,
				DBAB2912265C2B5000B58845 /* FileImportViewModel.swift in Sources */,
				DB9A22B8265C47D7003D694E /* FileExportViewController.swift in Sources */,
				DBAB28E6265C290100B58845 /* FileCell.swift in Sources */,
				DBAB28F8265C2A3200B58845 /* AsyncOperation.swift in Sources */,
				DBAB28A3265C1AB400B58845 /* SceneDelegate.swift in Sources */,
				DBAB2906265C2A4100B58845 /* FileConvertOperation.swift in Sources */,
			);
			runOnlyForDeploymentPostprocessing = 0;
		};
		DBAB28AF265C1AB700B58845 /* Sources */ = {
			isa = PBXSourcesBuildPhase;
			buildActionMask = 2147483647;
			files = (
				DBAB28B8265C1AB700B58845 /* FileImport2Tests.swift in Sources */,
			);
			runOnlyForDeploymentPostprocessing = 0;
		};
		DBAB28BA265C1AB700B58845 /* Sources */ = {
			isa = PBXSourcesBuildPhase;
			buildActionMask = 2147483647;
			files = (
				DBAB28C3265C1AB700B58845 /* FileImport2UITests.swift in Sources */,
			);
			runOnlyForDeploymentPostprocessing = 0;
		};
/* End PBXSourcesBuildPhase section */

/* Begin PBXTargetDependency section */
		DBAB28B5265C1AB700B58845 /* PBXTargetDependency */ = {
			isa = PBXTargetDependency;
			target = DBAB289C265C1AB400B58845 /* FileImport2 */;
			targetProxy = DBAB28B4265C1AB700B58845 /* PBXContainerItemProxy */;
		};
		DBAB28C0265C1AB700B58845 /* PBXTargetDependency */ = {
			isa = PBXTargetDependency;
			target = DBAB289C265C1AB400B58845 /* FileImport2 */;
			targetProxy = DBAB28BF265C1AB700B58845 /* PBXContainerItemProxy */;
		};
/* End PBXTargetDependency section */

/* Begin PBXVariantGroup section */
		DBAB28AB265C1AB700B58845 /* LaunchScreen.storyboard */ = {
			isa = PBXVariantGroup;
			children = (
				DBAB28AC265C1AB700B58845 /* Base */,
			);
			name = LaunchScreen.storyboard;
			sourceTree = "<group>";
		};
/* End PBXVariantGroup section */

/* Begin XCBuildConfiguration section */
		DBAB28C5265C1AB700B58845 /* Debug */ = {
			isa = XCBuildConfiguration;
			buildSettings = {
				ALWAYS_SEARCH_USER_PATHS = NO;
				CLANG_ANALYZER_NONNULL = YES;
				CLANG_ANALYZER_NUMBER_OBJECT_CONVERSION = YES_AGGRESSIVE;
				CLANG_CXX_LANGUAGE_STANDARD = "gnu++14";
				CLANG_CXX_LIBRARY = "libc++";
				CLANG_ENABLE_MODULES = YES;
				CLANG_ENABLE_OBJC_ARC = YES;
				CLANG_ENABLE_OBJC_WEAK = YES;
				CLANG_WARN_BLOCK_CAPTURE_AUTORELEASING = YES;
				CLANG_WARN_BOOL_CONVERSION = YES;
				CLANG_WARN_COMMA = YES;
				CLANG_WARN_CONSTANT_CONVERSION = YES;
				CLANG_WARN_DEPRECATED_OBJC_IMPLEMENTATIONS = YES;
				CLANG_WARN_DIRECT_OBJC_ISA_USAGE = YES_ERROR;
				CLANG_WARN_DOCUMENTATION_COMMENTS = YES;
				CLANG_WARN_EMPTY_BODY = YES;
				CLANG_WARN_ENUM_CONVERSION = YES;
				CLANG_WARN_INFINITE_RECURSION = YES;
				CLANG_WARN_INT_CONVERSION = YES;
				CLANG_WARN_NON_LITERAL_NULL_CONVERSION = YES;
				CLANG_WARN_OBJC_IMPLICIT_RETAIN_SELF = YES;
				CLANG_WARN_OBJC_LITERAL_CONVERSION = YES;
				CLANG_WARN_OBJC_ROOT_CLASS = YES_ERROR;
				CLANG_WARN_QUOTED_INCLUDE_IN_FRAMEWORK_HEADER = YES;
				CLANG_WARN_RANGE_LOOP_ANALYSIS = YES;
				CLANG_WARN_STRICT_PROTOTYPES = YES;
				CLANG_WARN_SUSPICIOUS_MOVE = YES;
				CLANG_WARN_UNGUARDED_AVAILABILITY = YES_AGGRESSIVE;
				CLANG_WARN_UNREACHABLE_CODE = YES;
				CLANG_WARN__DUPLICATE_METHOD_MATCH = YES;
				COPY_PHASE_STRIP = NO;
				DEBUG_INFORMATION_FORMAT = dwarf;
				ENABLE_STRICT_OBJC_MSGSEND = YES;
				ENABLE_TESTABILITY = YES;
				GCC_C_LANGUAGE_STANDARD = gnu11;
				GCC_DYNAMIC_NO_PIC = NO;
				GCC_NO_COMMON_BLOCKS = YES;
				GCC_OPTIMIZATION_LEVEL = 0;
				GCC_PREPROCESSOR_DEFINITIONS = (
					"DEBUG=1",
					"$(inherited)",
				);
				GCC_WARN_64_TO_32_BIT_CONVERSION = YES;
				GCC_WARN_ABOUT_RETURN_TYPE = YES_ERROR;
				GCC_WARN_UNDECLARED_SELECTOR = YES;
				GCC_WARN_UNINITIALIZED_AUTOS = YES_AGGRESSIVE;
				GCC_WARN_UNUSED_FUNCTION = YES;
				GCC_WARN_UNUSED_VARIABLE = YES;
				IPHONEOS_DEPLOYMENT_TARGET = 14.4;
				MTL_ENABLE_DEBUG_INFO = INCLUDE_SOURCE;
				MTL_FAST_MATH = YES;
				ONLY_ACTIVE_ARCH = YES;
				SDKROOT = iphoneos;
				SWIFT_ACTIVE_COMPILATION_CONDITIONS = DEBUG;
				SWIFT_OPTIMIZATION_LEVEL = "-Onone";
			};
			name = Debug;
		};
		DBAB28C6265C1AB700B58845 /* Release */ = {
			isa = XCBuildConfiguration;
			buildSettings = {
				ALWAYS_SEARCH_USER_PATHS = NO;
				CLANG_ANALYZER_NONNULL = YES;
				CLANG_ANALYZER_NUMBER_OBJECT_CONVERSION = YES_AGGRESSIVE;
				CLANG_CXX_LANGUAGE_STANDARD = "gnu++14";
				CLANG_CXX_LIBRARY = "libc++";
				CLANG_ENABLE_MODULES = YES;
				CLANG_ENABLE_OBJC_ARC = YES;
				CLANG_ENABLE_OBJC_WEAK = YES;
				CLANG_WARN_BLOCK_CAPTURE_AUTORELEASING = YES;
				CLANG_WARN_BOOL_CONVERSION = YES;
				CLANG_WARN_COMMA = YES;
				CLANG_WARN_CONSTANT_CONVERSION = YES;
				CLANG_WARN_DEPRECATED_OBJC_IMPLEMENTATIONS = YES;
				CLANG_WARN_DIRECT_OBJC_ISA_USAGE = YES_ERROR;
				CLANG_WARN_DOCUMENTATION_COMMENTS = YES;
				CLANG_WARN_EMPTY_BODY = YES;
				CLANG_WARN_ENUM_CONVERSION = YES;
				CLANG_WARN_INFINITE_RECURSION = YES;
				CLANG_WARN_INT_CONVERSION = YES;
				CLANG_WARN_NON_LITERAL_NULL_CONVERSION = YES;
				CLANG_WARN_OBJC_IMPLICIT_RETAIN_SELF = YES;
				CLANG_WARN_OBJC_LITERAL_CONVERSION = YES;
				CLANG_WARN_OBJC_ROOT_CLASS = YES_ERROR;
				CLANG_WARN_QUOTED_INCLUDE_IN_FRAMEWORK_HEADER = YES;
				CLANG_WARN_RANGE_LOOP_ANALYSIS = YES;
				CLANG_WARN_STRICT_PROTOTYPES = YES;
				CLANG_WARN_SUSPICIOUS_MOVE = YES;
				CLANG_WARN_UNGUARDED_AVAILABILITY = YES_AGGRESSIVE;
				CLANG_WARN_UNREACHABLE_CODE = YES;
				CLANG_WARN__DUPLICATE_METHOD_MATCH = YES;
				COPY_PHASE_STRIP = NO;
				DEBUG_INFORMATION_FORMAT = "dwarf-with-dsym";
				ENABLE_NS_ASSERTIONS = NO;
				ENABLE_STRICT_OBJC_MSGSEND = YES;
				GCC_C_LANGUAGE_STANDARD = gnu11;
				GCC_NO_COMMON_BLOCKS = YES;
				GCC_WARN_64_TO_32_BIT_CONVERSION = YES;
				GCC_WARN_ABOUT_RETURN_TYPE = YES_ERROR;
				GCC_WARN_UNDECLARED_SELECTOR = YES;
				GCC_WARN_UNINITIALIZED_AUTOS = YES_AGGRESSIVE;
				GCC_WARN_UNUSED_FUNCTION = YES;
				GCC_WARN_UNUSED_VARIABLE = YES;
				IPHONEOS_DEPLOYMENT_TARGET = 14.4;
				MTL_ENABLE_DEBUG_INFO = NO;
				MTL_FAST_MATH = YES;
				SDKROOT = iphoneos;
				SWIFT_COMPILATION_MODE = wholemodule;
				SWIFT_OPTIMIZATION_LEVEL = "-O";
				VALIDATE_PRODUCT = YES;
			};
			name = Release;
		};
		DBAB28C8265C1AB700B58845 /* Debug */ = {
			isa = XCBuildConfiguration;
			buildSettings = {
				ASSETCATALOG_COMPILER_APPICON_NAME = AppIcon;
				ASSETCATALOG_COMPILER_GLOBAL_ACCENT_COLOR_NAME = AccentColor;
				CODE_SIGN_STYLE = Automatic;
				DEVELOPMENT_TEAM = 2M6MREMEHZ;
				INFOPLIST_FILE = FileImport2/Info.plist;
				LD_RUNPATH_SEARCH_PATHS = (
					"$(inherited)",
					"@executable_path/Frameworks",
				);
				PRODUCT_BUNDLE_IDENTIFIER = com.evelyne.random.FileImport2;
				PRODUCT_NAME = "$(TARGET_NAME)";
				SWIFT_VERSION = 5.0;
				TARGETED_DEVICE_FAMILY = "1,2";
			};
			name = Debug;
		};
		DBAB28C9265C1AB700B58845 /* Release */ = {
			isa = XCBuildConfiguration;
			buildSettings = {
				ASSETCATALOG_COMPILER_APPICON_NAME = AppIcon;
				ASSETCATALOG_COMPILER_GLOBAL_ACCENT_COLOR_NAME = AccentColor;
				CODE_SIGN_STYLE = Automatic;
				DEVELOPMENT_TEAM = 2M6MREMEHZ;
				INFOPLIST_FILE = FileImport2/Info.plist;
				LD_RUNPATH_SEARCH_PATHS = (
					"$(inherited)",
					"@executable_path/Frameworks",
				);
				PRODUCT_BUNDLE_IDENTIFIER = com.evelyne.random.FileImport2;
				PRODUCT_NAME = "$(TARGET_NAME)";
				SWIFT_VERSION = 5.0;
				TARGETED_DEVICE_FAMILY = "1,2";
			};
			name = Release;
		};
		DBAB28CB265C1AB700B58845 /* Debug */ = {
			isa = XCBuildConfiguration;
			buildSettings = {
				ALWAYS_EMBED_SWIFT_STANDARD_LIBRARIES = YES;
				BUNDLE_LOADER = "$(TEST_HOST)";
				CODE_SIGN_STYLE = Automatic;
				DEVELOPMENT_TEAM = 2M6MREMEHZ;
				INFOPLIST_FILE = FileImport2Tests/Info.plist;
				IPHONEOS_DEPLOYMENT_TARGET = 14.4;
				LD_RUNPATH_SEARCH_PATHS = (
					"$(inherited)",
					"@executable_path/Frameworks",
					"@loader_path/Frameworks",
				);
				PRODUCT_BUNDLE_IDENTIFIER = com.evelyne.random.FileImport2Tests;
				PRODUCT_NAME = "$(TARGET_NAME)";
				SWIFT_VERSION = 5.0;
				TARGETED_DEVICE_FAMILY = "1,2";
				TEST_HOST = "$(BUILT_PRODUCTS_DIR)/FileImport2.app/FileImport2";
			};
			name = Debug;
		};
		DBAB28CC265C1AB700B58845 /* Release */ = {
			isa = XCBuildConfiguration;
			buildSettings = {
				ALWAYS_EMBED_SWIFT_STANDARD_LIBRARIES = YES;
				BUNDLE_LOADER = "$(TEST_HOST)";
				CODE_SIGN_STYLE = Automatic;
				DEVELOPMENT_TEAM = 2M6MREMEHZ;
				INFOPLIST_FILE = FileImport2Tests/Info.plist;
				IPHONEOS_DEPLOYMENT_TARGET = 14.4;
				LD_RUNPATH_SEARCH_PATHS = (
					"$(inherited)",
					"@executable_path/Frameworks",
					"@loader_path/Frameworks",
				);
				PRODUCT_BUNDLE_IDENTIFIER = com.evelyne.random.FileImport2Tests;
				PRODUCT_NAME = "$(TARGET_NAME)";
				SWIFT_VERSION = 5.0;
				TARGETED_DEVICE_FAMILY = "1,2";
				TEST_HOST = "$(BUILT_PRODUCTS_DIR)/FileImport2.app/FileImport2";
			};
			name = Release;
		};
		DBAB28CE265C1AB700B58845 /* Debug */ = {
			isa = XCBuildConfiguration;
			buildSettings = {
				ALWAYS_EMBED_SWIFT_STANDARD_LIBRARIES = YES;
				CODE_SIGN_STYLE = Automatic;
				DEVELOPMENT_TEAM = 2M6MREMEHZ;
				INFOPLIST_FILE = FileImport2UITests/Info.plist;
				LD_RUNPATH_SEARCH_PATHS = (
					"$(inherited)",
					"@executable_path/Frameworks",
					"@loader_path/Frameworks",
				);
				PRODUCT_BUNDLE_IDENTIFIER = com.evelyne.random.FileImport2UITests;
				PRODUCT_NAME = "$(TARGET_NAME)";
				SWIFT_VERSION = 5.0;
				TARGETED_DEVICE_FAMILY = "1,2";
				TEST_TARGET_NAME = FileImport2;
			};
			name = Debug;
		};
		DBAB28CF265C1AB700B58845 /* Release */ = {
			isa = XCBuildConfiguration;
			buildSettings = {
				ALWAYS_EMBED_SWIFT_STANDARD_LIBRARIES = YES;
				CODE_SIGN_STYLE = Automatic;
				DEVELOPMENT_TEAM = 2M6MREMEHZ;
				INFOPLIST_FILE = FileImport2UITests/Info.plist;
				LD_RUNPATH_SEARCH_PATHS = (
					"$(inherited)",
					"@executable_path/Frameworks",
					"@loader_path/Frameworks",
				);
				PRODUCT_BUNDLE_IDENTIFIER = com.evelyne.random.FileImport2UITests;
				PRODUCT_NAME = "$(TARGET_NAME)";
				SWIFT_VERSION = 5.0;
				TARGETED_DEVICE_FAMILY = "1,2";
				TEST_TARGET_NAME = FileImport2;
			};
			name = Release;
		};
/* End XCBuildConfiguration section */

/* Begin XCConfigurationList section */
		DBAB2898265C1AB400B58845 /* Build configuration list for PBXProject "FileImport2" */ = {
			isa = XCConfigurationList;
			buildConfigurations = (
				DBAB28C5265C1AB700B58845 /* Debug */,
				DBAB28C6265C1AB700B58845 /* Release */,
			);
			defaultConfigurationIsVisible = 0;
			defaultConfigurationName = Release;
		};
		DBAB28C7265C1AB700B58845 /* Build configuration list for PBXNativeTarget "FileImport2" */ = {
			isa = XCConfigurationList;
			buildConfigurations = (
				DBAB28C8265C1AB700B58845 /* Debug */,
				DBAB28C9265C1AB700B58845 /* Release */,
			);
			defaultConfigurationIsVisible = 0;
			defaultConfigurationName = Release;
		};
		DBAB28CA265C1AB700B58845 /* Build configuration list for PBXNativeTarget "FileImport2Tests" */ = {
			isa = XCConfigurationList;
			buildConfigurations = (
				DBAB28CB265C1AB700B58845 /* Debug */,
				DBAB28CC265C1AB700B58845 /* Release */,
			);
			defaultConfigurationIsVisible = 0;
			defaultConfigurationName = Release;
		};
		DBAB28CD265C1AB700B58845 /* Build configuration list for PBXNativeTarget "FileImport2UITests" */ = {
			isa = XCConfigurationList;
			buildConfigurations = (
				DBAB28CE265C1AB700B58845 /* Debug */,
				DBAB28CF265C1AB700B58845 /* Release */,
			);
			defaultConfigurationIsVisible = 0;
			defaultConfigurationName = Release;
		};
/* End XCConfigurationList section */
	};
	rootObject = DBAB2895265C1AB400B58845 /* Project object */;
}
